{
  "name": "uudocs",
  "version": "1.0.0",
  "lockfileVersion": 1,
  "requires": true,
  "dependencies": {
    "altinn-designsystem": {
      "version": "1.0.1",
      "resolved": "https://registry.npmjs.org/altinn-designsystem/-/altinn-designsystem-1.0.1.tgz",
      "integrity": "sha512-ngL4BYmOpV+Mq5fX1RcnZYvQ0aI1qomK44o/0fbhTNaXHr8tWntiq3/YLwKmeWlFqyV901UZqgG+sjW0SxTcUA=="
    }
  }
}
